
Microsoft Visual Studio Solution File, Format Version 12.00
# Visual Studio Version 16
VisualStudioVersion = 16.0.29424.173
MinimumVisualStudioVersion = 10.0.40219.1
Project("{FAE04EC0-301F-11D3-BF4B-00C04F79EFBC}") = "PlanManagerProj", "PlanManagerProj.csproj", "{37ACF32A-3316-4202-B529-CFE1DD550972}"
EndProject
Global
	GlobalSection(SolutionConfigurationPlatforms) = preSolution
		Debug|Any CPU = Debug|Any CPU
		Release|Any CPU = Release|Any CPU
	EndGlobalSection
	GlobalSection(ProjectConfigurationPlatforms) = postSolution
		{37ACF32A-3316-4202-B529-CFE1DD550972}.Debug|Any CPU.ActiveCfg = Debug|Any CPU
		{37ACF32A-3316-4202-B529-CFE1DD550972}.Debug|Any CPU.Build.0 = Debug|Any CPU
		{37ACF32A-3316-4202-B529-CFE1DD550972}.Release|Any CPU.ActiveCfg = Release|Any CPU
		{37ACF32A-3316-4202-B529-CFE1DD550972}.Release|Any CPU.Build.0 = Release|Any CPU
	EndGlobalSection
	GlobalSection(SolutionProperties) = preSolution
		HideSolutionNode = FALSE
	EndGlobalSection
	GlobalSection(ExtensibilityGlobals) = postSolution
		SolutionGuid = {060C4729-4F41-46AB-AF8A-1343CB0CFDCD}
	EndGlobalSection
EndGlobal
